
Microsoft Visual Studio Solution File, Format Version 12.00
# Visual Studio Version 17
VisualStudioVersion = 17.9.34728.123
MinimumVisualStudioVersion = 10.0.40219.1
Project("{FAE04EC0-301F-11D3-BF4B-00C04F79EFBC}") = "learningConsoleApp", "learningConsoleApp\learningConsoleApp.csproj", "{1C5D8C35-A110-4399-8086-E4CA9AA10741}"
EndProject
Global
	GlobalSection(SolutionConfigurationPlatforms) = preSolution
		Debug|Any CPU = Debug|Any CPU
		Release|Any CPU = Release|Any CPU
	EndGlobalSection
	GlobalSection(ProjectConfigurationPlatforms) = postSolution
		{1C5D8C35-A110-4399-8086-E4CA9AA10741}.Debug|Any CPU.ActiveCfg = Debug|Any CPU
		{1C5D8C35-A110-4399-8086-E4CA9AA10741}.Debug|Any CPU.Build.0 = Debug|Any CPU
		{1C5D8C35-A110-4399-8086-E4CA9AA10741}.Release|Any CPU.ActiveCfg = Release|Any CPU
		{1C5D8C35-A110-4399-8086-E4CA9AA10741}.Release|Any CPU.Build.0 = Release|Any CPU
	EndGlobalSection
	GlobalSection(SolutionProperties) = preSolution
		HideSolutionNode = FALSE
	EndGlobalSection
	GlobalSection(ExtensibilityGlobals) = postSolution
		SolutionGuid = {99AC94F1-FC57-4F71-B5A0-1B81468816DF}
	EndGlobalSection
EndGlobal
